
Microsoft Visual Studio Solution File, Format Version 12.00
# Visual Studio Version 17
VisualStudioVersion = 17.14.36310.24 d17.14
MinimumVisualStudioVersion = 10.0.40219.1
Project("{FAE04EC0-301F-11D3-BF4B-00C04F79EFBC}") = "SortingAlgorithmTesting", "SortingAlgorithmTesting\SortingAlgorithmTesting.csproj", "{2F90DECF-4FE0-4AE0-A03F-27290C188C22}"
EndProject
Global
	GlobalSection(SolutionConfigurationPlatforms) = preSolution
		Debug|Any CPU = Debug|Any CPU
		Release|Any CPU = Release|Any CPU
	EndGlobalSection
	GlobalSection(ProjectConfigurationPlatforms) = postSolution
		{2F90DECF-4FE0-4AE0-A03F-27290C188C22}.Debug|Any CPU.ActiveCfg = Debug|Any CPU
		{2F90DECF-4FE0-4AE0-A03F-27290C188C22}.Debug|Any CPU.Build.0 = Debug|Any CPU
		{2F90DECF-4FE0-4AE0-A03F-27290C188C22}.Release|Any CPU.ActiveCfg = Release|Any CPU
		{2F90DECF-4FE0-4AE0-A03F-27290C188C22}.Release|Any CPU.Build.0 = Release|Any CPU
	EndGlobalSection
	GlobalSection(SolutionProperties) = preSolution
		HideSolutionNode = FALSE
	EndGlobalSection
	GlobalSection(ExtensibilityGlobals) = postSolution
		SolutionGuid = {95A6C447-62D8-4F1C-BC6A-8B5029D3A277}
	EndGlobalSection
EndGlobal
